<?xml version="1.0" encoding="utf-8"?>
<Project ToolsVersion="4.0" xmlns="http://schemas.microsoft.com/developer/msbuild/2003">
  <ItemGroup>
    <Filter Include="源文件"><UniqueIdentifier>{4FC737F1-C7A5-4376-A066-2A32D752A2FF}</UniqueIdentifier><Extensions>cpp;c;cc;cxx;c++;cppm;ixx;def;odl;idl;hpj;bat;asm;asmx</Extensions></Filter>
    <Filter Include="头文件"><UniqueIdentifier>{93995380-89BD-4b04-88EB-625FBE52EBFB}</UniqueIdentifier><Extensions>h;hh;hpp;hxx;h++;hm;inl;inc;ipp;xsd</Extensions></Filter>
    <Filter Include="源文件\Core"><UniqueIdentifier>{debf6404-3cc1-4fcd-80c6-60ec47abd02b}</UniqueIdentifier></Filter>
    <Filter Include="头文件\Core"><UniqueIdentifier>{a3fc981e-f2a2-496a-b6cd-d0023bee4e53}</UniqueIdentifier></Filter>
    <Filter Include="头文件\Core\Utils"><UniqueIdentifier>{27405e76-4ab6-43a5-acf7-96c4e30d1a0d}</UniqueIdentifier></Filter>
    <Filter Include="源文件\Core\detect"><UniqueIdentifier>{f2e6c384-03d7-4f9d-9dd3-6a3b063b4585}</UniqueIdentifier></Filter>
    <Filter Include="头文件\Core\detect"><UniqueIdentifier>{e42e168b-f0e7-485f-a5be-fb4d6c82419a}</UniqueIdentifier></Filter>
  </ItemGroup>

  <ItemGroup>
    <ClCompile Include="main.cpp"><Filter>源文件</Filter></ClCompile>
    <ClCompile Include="Core\Config.cpp"><Filter>源文件\Core</Filter></ClCompile>
    <ClCompile Include="Core\queue_manager.cpp"><Filter>源文件\Core</Filter></ClCompile>
    <ClCompile Include="Core\camera_thread.cpp"><Filter>源文件\Core</Filter></ClCompile>
    <ClCompile Include="Core\detection_pipeline.cpp"><Filter>源文件\Core</Filter></ClCompile>
    <ClCompile Include="Core\single_detect_thread.cpp"><Filter>源文件\Core</Filter></ClCompile>
    <ClCompile Include="Core\detect_thread.cpp"><Filter>源文件\Core</Filter></ClCompile>
    <ClCompile Include="Core\Server.cpp"><Filter>源文件\Core</Filter></ClCompile>
    <ClCompile Include="Core\group_manager.cpp"><Filter>源文件\Core</Filter></ClCompile>
    <ClCompile Include="Core\inspection_repository.cpp"><Filter>源文件\Core</Filter></ClCompile>
    <ClCompile Include="Core\Scheduler.cpp"><Filter>源文件\Core</Filter></ClCompile>
    <ClCompile Include="Core\slide_serial.cpp"><Filter>源文件\Core</Filter></ClCompile>
    <ClCompile Include="Core\sqlite_helper.cpp"><Filter>源文件\Core</Filter></ClCompile>
    <ClCompile Include="Core\db_utils.cpp"><Filter>源文件\Core</Filter></ClCompile>

    <ClCompile Include="Core\detect\crop_image.cpp"><Filter>源文件\Core\detect</Filter></ClCompile>
    <ClCompile Include="Core\detect\engineTRT.cpp"><Filter>源文件\Core\detect</Filter></ClCompile>
    <ClCompile Include="Core\detect\HalconProcessor.cpp"><Filter>源文件\Core\detect</Filter></ClCompile>
    <ClCompile Include="Core\detect\Slice.cpp"><Filter>源文件\Core\detect</Filter></ClCompile>
    <ClCompile Include="Core\detect\speedSam.cpp"><Filter>源文件\Core\detect</Filter></ClCompile>
    <ClCompile Include="Core\detect\StripeRemoval.cpp"><Filter>源文件\Core\detect</Filter></ClCompile>
    <ClCompile Include="Core\detect\trtyolo_slice.cpp"><Filter>源文件\Core\detect</Filter></ClCompile>
    <ClCompile Include="Core\detect\sam.cpp"><Filter>源文件\Core\detect</Filter></ClCompile>
  </ItemGroup>

  <ItemGroup>
    <ClInclude Include="Core\Utils\Log.hpp"><Filter>头文件\Core\Utils</Filter></ClInclude>
    <ClInclude Include="Core\Utils\Common.hpp"><Filter>头文件\Core\Utils</Filter></ClInclude>

    <ClInclude Include="Core\camera_thread.hpp"><Filter>头文件\Core</Filter></ClInclude>
    <ClInclude Include="Core\Config.hpp"><Filter>头文件\Core</Filter></ClInclude>
    <ClInclude Include="Core\db_utils.hpp"><Filter>头文件\Core</Filter></ClInclude>
    <ClInclude Include="Core\detect_params.hpp"><Filter>头文件\Core</Filter></ClInclude>
    <ClInclude Include="Core\detection_context.hpp"><Filter>头文件\Core</Filter></ClInclude>
    <ClInclude Include="Core\detection_pipeline.hpp"><Filter>头文件\Core</Filter></ClInclude>
    <ClInclude Include="Core\single_detect_thread.hpp"><Filter>头文件\Core</Filter></ClInclude>
    <ClInclude Include="Core\detect_thread.hpp"><Filter>头文件\Core</Filter></ClInclude>
    <ClInclude Include="Core\group_manager.hpp"><Filter>头文件\Core</Filter></ClInclude>
    <ClInclude Include="Core\image_types.hpp"><Filter>头文件\Core</Filter></ClInclude>
    <ClInclude Include="Core\inspection_repository.hpp"><Filter>头文件\Core</Filter></ClInclude>
    <ClInclude Include="Core\queue_manager.hpp"><Filter>头文件\Core</Filter></ClInclude>
    <ClInclude Include="Core\runtime_state.hpp"><Filter>头文件\Core</Filter></ClInclude>
    <ClInclude Include="Core\Scheduler.hpp"><Filter>头文件\Core</Filter></ClInclude>
    <ClInclude Include="Core\Server.hpp"><Filter>头文件\Core</Filter></ClInclude>
    <ClInclude Include="Core\sqlite_helper.hpp"><Filter>头文件\Core</Filter></ClInclude>
    <ClInclude Include="Core\slide_serial.hpp"><Filter>头文件\Core</Filter></ClInclude>

    <ClInclude Include="Core\detect\config.h"><Filter>头文件\Core\detect</Filter></ClInclude>
    <ClInclude Include="Core\detect\crop_image.h"><Filter>头文件\Core\detect</Filter></ClInclude>
    <ClInclude Include="Core\detect\cuda_utils.h"><Filter>头文件\Core\detect</Filter></ClInclude>
    <ClInclude Include="Core\detect\engineTRT.h"><Filter>头文件\Core\detect</Filter></ClInclude>
    <ClInclude Include="Core\detect\logging.h"><Filter>头文件\Core\detect</Filter></ClInclude>
    <ClInclude Include="Core\detect\HalconProcessor.h"><Filter>头文件\Core\detect</Filter></ClInclude>
    <ClInclude Include="Core\detect\macros.h"><Filter>头文件\Core\detect</Filter></ClInclude>
    <ClInclude Include="Core\detect\sam.h"><Filter>头文件\Core\detect</Filter></ClInclude>
    <ClInclude Include="Core\detect\Slice.h"><Filter>头文件\Core\detect</Filter></ClInclude>
    <ClInclude Include="Core\detect\speedSam.h"><Filter>头文件\Core\detect</Filter></ClInclude>
    <ClInclude Include="Core\detect\StripeRemoval.h"><Filter>头文件\Core\detect</Filter></ClInclude>
    <ClInclude Include="Core\detect\trtyolo_slice.hpp"><Filter>头文件\Core\detect</Filter></ClInclude>
  </ItemGroup>
</Project>
